PODS:
  - background_fetch (1.1.0):
    - Flutter
  - CocoaLumberjack (3.7.4):
    - CocoaLumberjack/Core (= 3.7.4)
  - CocoaLumberjack/Core (3.7.4)
  - enx_flutter_plugin (0.0.1):
    - EnxRTCiOS (= 2.1.5)
    - Flutter
    - Socket.IO-Client-Swift (~> 15.1.0)
  - EnxRTCiOS (2.1.5):
    - GoogleWebRTC (= 1.1.31999)
  - Firebase/Auth (8.15.0):
    - Firebase/CoreOnly
    - FirebaseAuth (~> 8.15.0)
  - Firebase/CoreOnly (8.15.0):
    - FirebaseCore (= 8.15.0)
  - Firebase/Database (8.15.0):
    - Firebase/CoreOnly
    - FirebaseDatabase (~> 8.15.0)
  - Firebase/Messaging (8.15.0):
    - Firebase/CoreOnly
    - FirebaseMessaging (~> 8.15.0)
  - firebase_auth (3.3.19):
    - Firebase/Auth (= 8.15.0)
    - firebase_core
    - Flutter
  - firebase_core (1.17.0):
    - Firebase/CoreOnly (= 8.15.0)
    - Flutter
  - firebase_database (9.0.15):
    - Firebase/Database (= 8.15.0)
    - firebase_core
    - Flutter
  - firebase_messaging (11.4.1):
    - Firebase/Messaging (= 8.15.0)
    - firebase_core
    - Flutter
  - FirebaseAuth (8.15.0):
    - FirebaseCore (~> 8.0)
    - GoogleUtilities/AppDelegateSwizzler (~> 7.7)
    - GoogleUtilities/Environment (~> 7.7)
    - GTMSessionFetcher/Core (~> 1.5)
  - FirebaseCore (8.15.0):
    - FirebaseCoreDiagnostics (~> 8.0)
    - GoogleUtilities/Environment (~> 7.7)
    - GoogleUtilities/Logger (~> 7.7)
  - FirebaseCoreDiagnostics (8.15.0):
    - GoogleDataTransport (~> 9.1)
    - GoogleUtilities/Environment (~> 7.7)
    - GoogleUtilities/Logger (~> 7.7)
    - nanopb (~> 2.30908.0)
  - FirebaseDatabase (8.15.0):
    - FirebaseCore (~> 8.0)
    - leveldb-library (~> 1.22)
  - FirebaseInstallations (8.15.0):
    - FirebaseCore (~> 8.0)
    - GoogleUtilities/Environment (~> 7.7)
    - GoogleUtilities/UserDefaults (~> 7.7)
    - PromisesObjC (< 3.0, >= 1.2)
  - FirebaseMessaging (8.15.0):
    - FirebaseCore (~> 8.0)
    - FirebaseInstallations (~> 8.0)
    - GoogleDataTransport (~> 9.1)
    - GoogleUtilities/AppDelegateSwizzler (~> 7.7)
    - GoogleUtilities/Environment (~> 7.7)
    - GoogleUtilities/Reachability (~> 7.7)
    - GoogleUtilities/UserDefaults (~> 7.7)
    - nanopb (~> 2.30908.0)
  - Flutter (1.0.0)
  - flutter_background_geolocation (4.6.3):
    - CocoaLumberjack (~> 3.7.2)
    - Flutter
  - flutter_local_notifications (0.0.1):
    - Flutter
  - fluttertoast (0.0.2):
    - Flutter
    - Toast
  - GoogleDataTransport (9.1.2):
    - GoogleUtilities/Environment (~> 7.2)
    - nanopb (~> 2.30908.0)
    - PromisesObjC (< 3.0, >= 1.2)
  - GoogleUtilities/AppDelegateSwizzler (7.7.0):
    - GoogleUtilities/Environment
    - GoogleUtilities/Logger
    - GoogleUtilities/Network
  - GoogleUtilities/Environment (7.7.0):
    - PromisesObjC (< 3.0, >= 1.2)
  - GoogleUtilities/Logger (7.7.0):
    - GoogleUtilities/Environment
  - GoogleUtilities/Network (7.7.0):
    - GoogleUtilities/Logger
    - "GoogleUtilities/NSData+zlib"
    - GoogleUtilities/Reachability
  - "GoogleUtilities/NSData+zlib (7.7.0)"
  - GoogleUtilities/Reachability (7.7.0):
    - GoogleUtilities/Logger
  - GoogleUtilities/UserDefaults (7.7.0):
    - GoogleUtilities/Logger
  - GoogleWebRTC (1.1.31999)
  - GTMSessionFetcher/Core (1.7.1)
  - leveldb-library (1.22.1)
  - nanopb (2.30908.0):
    - nanopb/decode (= 2.30908.0)
    - nanopb/encode (= 2.30908.0)
  - nanopb/decode (2.30908.0)
  - nanopb/encode (2.30908.0)
  - path_provider_ios (0.0.1):
    - Flutter
  - permission_handler_apple (9.0.4):
    - Flutter
  - PromisesObjC (2.1.0)
  - shared_preferences_ios (0.0.1):
    - Flutter
  - Socket.IO-Client-Swift (15.1.0):
    - Starscream (~> 3.1)
  - Starscream (3.1.1)
  - Toast (4.0.0)

DEPENDENCIES:
  - background_fetch (from `.symlinks/plugins/background_fetch/ios`)
  - enx_flutter_plugin (from `.symlinks/plugins/enx_flutter_plugin/ios`)
  - firebase_auth (from `.symlinks/plugins/firebase_auth/ios`)
  - firebase_core (from `.symlinks/plugins/firebase_core/ios`)
  - firebase_database (from `.symlinks/plugins/firebase_database/ios`)
  - firebase_messaging (from `.symlinks/plugins/firebase_messaging/ios`)
  - Flutter (from `Flutter`)
  - flutter_background_geolocation (from `.symlinks/plugins/flutter_background_geolocation/ios`)
  - flutter_local_notifications (from `.symlinks/plugins/flutter_local_notifications/ios`)
  - fluttertoast (from `.symlinks/plugins/fluttertoast/ios`)
  - path_provider_ios (from `.symlinks/plugins/path_provider_ios/ios`)
  - permission_handler_apple (from `.symlinks/plugins/permission_handler_apple/ios`)
  - shared_preferences_ios (from `.symlinks/plugins/shared_preferences_ios/ios`)

SPEC REPOS:
  trunk:
    - CocoaLumberjack
    - EnxRTCiOS
    - Firebase
    - FirebaseAuth
    - FirebaseCore
    - FirebaseCoreDiagnostics
    - FirebaseDatabase
    - FirebaseInstallations
    - FirebaseMessaging
    - GoogleDataTransport
    - GoogleUtilities
    - GoogleWebRTC
    - GTMSessionFetcher
    - leveldb-library
    - nanopb
    - PromisesObjC
    - Socket.IO-Client-Swift
    - Starscream
    - Toast

EXTERNAL SOURCES:
  background_fetch:
    :path: ".symlinks/plugins/background_fetch/ios"
  enx_flutter_plugin:
    :path: ".symlinks/plugins/enx_flutter_plugin/ios"
  firebase_auth:
    :path: ".symlinks/plugins/firebase_auth/ios"
  firebase_core:
    :path: ".symlinks/plugins/firebase_core/ios"
  firebase_database:
    :path: ".symlinks/plugins/firebase_database/ios"
  firebase_messaging:
    :path: ".symlinks/plugins/firebase_messaging/ios"
  Flutter:
    :path: Flutter
  flutter_background_geolocation:
    :path: ".symlinks/plugins/flutter_background_geolocation/ios"
  flutter_local_notifications:
    :path: ".symlinks/plugins/flutter_local_notifications/ios"
  fluttertoast:
    :path: ".symlinks/plugins/fluttertoast/ios"
  path_provider_ios:
    :path: ".symlinks/plugins/path_provider_ios/ios"
  permission_handler_apple:
    :path: ".symlinks/plugins/permission_handler_apple/ios"
  shared_preferences_ios:
    :path: ".symlinks/plugins/shared_preferences_ios/ios"

SPEC CHECKSUMS:
  background_fetch: 3795af8a49054dc526477cc2f60d2ed41de60587
  CocoaLumberjack: 543c79c114dadc3b1aba95641d8738b06b05b646
  enx_flutter_plugin: 7bb31405fd6967cf21839c2cc533996408a9ffcc
  EnxRTCiOS: bf31ce2219cee62fc63cff11d66fd341b64e401a
  Firebase: 5f8193dff4b5b7c5d5ef72ae54bb76c08e2b841d
  firebase_auth: a6470a6974d42f83117932c913aecb926182f907
  firebase_core: aa1b92020533f5c23955e388c347c58fd64f8627
  firebase_database: ab579e7bb49444178e909f5dfe79ce315d697d15
  firebase_messaging: 943cfe65e0b3f457240489ce67655e40da1d270c
  FirebaseAuth: 3e73bf8abf4fbb40f8b421f361f4cc48ee57388c
  FirebaseCore: 5743c5785c074a794d35f2fff7ecc254a91e08b1
  FirebaseCoreDiagnostics: 92e07a649aeb66352b319d43bdd2ee3942af84cb
  FirebaseDatabase: f567afd233e54a303d84423207736590a6feb419
  FirebaseInstallations: 40bd9054049b2eae9a2c38ef1c3dd213df3605cd
  FirebaseMessaging: 5e5118a2383b3531e730d974680954c679ca0a13
  Flutter: 50d75fe2f02b26cc09d224853bb45737f8b3214a
  flutter_background_geolocation: 7d3a9e5b4a33a2ca4771388af3f43a0ea0b15eb4
  flutter_local_notifications: 0c0b1ae97e741e1521e4c1629a459d04b9aec743
  fluttertoast: 16fbe6039d06a763f3533670197d01fc73459037
  GoogleDataTransport: 629c20a4d363167143f30ea78320d5a7eb8bd940
  GoogleUtilities: e0913149f6b0625b553d70dae12b49fc62914fd1
  GoogleWebRTC: b39a78c4f5cc6b0323415b9233db03a2faa7b0f0
  GTMSessionFetcher: 4577a4cc914a5a07c40a8a0ad0acc22080418c2d
  leveldb-library: 50c7b45cbd7bf543c81a468fe557a16ae3db8729
  nanopb: a0ba3315591a9ae0a16a309ee504766e90db0c96
  path_provider_ios: 14f3d2fd28c4fdb42f44e0f751d12861c43cee02
  permission_handler_apple: 44366e37eaf29454a1e7b1b7d736c2cceaeb17ce
  PromisesObjC: 99b6f43f9e1044bd87a95a60beff28c2c44ddb72
  shared_preferences_ios: 548a61f8053b9b8a49ac19c1ffbc8b92c50d68ad
  Socket.IO-Client-Swift: 7cb44c0ffb86e158cee32d0642d30ec5fdcf8f61
  Starscream: 4bb2f9942274833f7b4d296a55504dcfc7edb7b0
  Toast: 91b396c56ee72a5790816f40d3a94dd357abc196

PODFILE CHECKSUM: 2687edbabccd4707e8ffe921bc3fc6f0e5ac09bf

COCOAPODS: 1.11.3
